
Microsoft Visual Studio Solution File, Format Version 12.00
# Visual Studio Version 17
VisualStudioVersion = 17.9.34701.34
MinimumVisualStudioVersion = 10.0.40219.1
Project("{FAE04EC0-301F-11D3-BF4B-00C04F79EFBC}") = "VantoApp.Server", "VantoApp.Server\VantoApp.Server.csproj", "{94B8D94B-4BCD-4324-97B6-8F096D25A3FA}"
EndProject
Project("{54A90642-561A-4BB1-A94E-469ADEE60C69}") = "vantoapp.client", "vantoapp.client\vantoapp.client.esproj", "{1D353931-BADE-4DDC-A137-727CAE494833}"
EndProject
Global
	GlobalSection(SolutionConfigurationPlatforms) = preSolution
		Debug|Any CPU = Debug|Any CPU
		Release|Any CPU = Release|Any CPU
	EndGlobalSection
	GlobalSection(ProjectConfigurationPlatforms) = postSolution
		{94B8D94B-4BCD-4324-97B6-8F096D25A3FA}.Debug|Any CPU.ActiveCfg = Debug|Any CPU
		{94B8D94B-4BCD-4324-97B6-8F096D25A3FA}.Debug|Any CPU.Build.0 = Debug|Any CPU
		{94B8D94B-4BCD-4324-97B6-8F096D25A3FA}.Release|Any CPU.ActiveCfg = Release|Any CPU
		{94B8D94B-4BCD-4324-97B6-8F096D25A3FA}.Release|Any CPU.Build.0 = Release|Any CPU
		{1D353931-BADE-4DDC-A137-727CAE494833}.Debug|Any CPU.ActiveCfg = Debug|Any CPU
		{1D353931-BADE-4DDC-A137-727CAE494833}.Debug|Any CPU.Build.0 = Debug|Any CPU
		{1D353931-BADE-4DDC-A137-727CAE494833}.Debug|Any CPU.Deploy.0 = Debug|Any CPU
		{1D353931-BADE-4DDC-A137-727CAE494833}.Release|Any CPU.ActiveCfg = Release|Any CPU
		{1D353931-BADE-4DDC-A137-727CAE494833}.Release|Any CPU.Build.0 = Release|Any CPU
		{1D353931-BADE-4DDC-A137-727CAE494833}.Release|Any CPU.Deploy.0 = Release|Any CPU
	EndGlobalSection
	GlobalSection(SolutionProperties) = preSolution
		HideSolutionNode = FALSE
	EndGlobalSection
	GlobalSection(ExtensibilityGlobals) = postSolution
		SolutionGuid = {FE4CE255-3741-4A58-8F99-06151E74C44E}
	EndGlobalSection
EndGlobal
